
Microsoft Visual Studio Solution File, Format Version 12.00
# Visual Studio 15
VisualStudioVersion = 15.0.27004.2010
MinimumVisualStudioVersion = 10.0.40219.1
Project("{8BC9CEB8-8B4A-11D0-8D11-00A0C91BC942}") = "Ignozza_Project9", "Ignozza_Project9\Ignozza_Project9.vcxproj", "{2BB8C3DC-1875-4D63-861F-226DFF961C30}"
EndProject
Global
	GlobalSection(SolutionConfigurationPlatforms) = preSolution
		Debug|x64 = Debug|x64
		Debug|x86 = Debug|x86
		Release|x64 = Release|x64
		Release|x86 = Release|x86
	EndGlobalSection
	GlobalSection(ProjectConfigurationPlatforms) = postSolution
		{2BB8C3DC-1875-4D63-861F-226DFF961C30}.Debug|x64.ActiveCfg = Debug|x64
		{2BB8C3DC-1875-4D63-861F-226DFF961C30}.Debug|x64.Build.0 = Debug|x64
		{2BB8C3DC-1875-4D63-861F-226DFF961C30}.Debug|x86.ActiveCfg = Debug|Win32
		{2BB8C3DC-1875-4D63-861F-226DFF961C30}.Debug|x86.Build.0 = Debug|Win32
		{2BB8C3DC-1875-4D63-861F-226DFF961C30}.Release|x64.ActiveCfg = Release|x64
		{2BB8C3DC-1875-4D63-861F-226DFF961C30}.Release|x64.Build.0 = Release|x64
		{2BB8C3DC-1875-4D63-861F-226DFF961C30}.Release|x86.ActiveCfg = Release|Win32
		{2BB8C3DC-1875-4D63-861F-226DFF961C30}.Release|x86.Build.0 = Release|Win32
	EndGlobalSection
	GlobalSection(SolutionProperties) = preSolution
		HideSolutionNode = FALSE
	EndGlobalSection
	GlobalSection(ExtensibilityGlobals) = postSolution
		SolutionGuid = {227D2228-A3BA-4F43-A20B-2710952324D0}
	EndGlobalSection
EndGlobal
